
Microsoft Visual Studio Solution File, Format Version 12.00
# Visual Studio Version 17
VisualStudioVersion = 17.0.32112.339
MinimumVisualStudioVersion = 10.0.40219.1
Project("{8BC9CEB8-8B4A-11D0-8D11-00A0C91BC942}") = "Task01Project", "Task01Project\Task01Project.vcxproj", "{5C38FD2E-F7A4-4A89-A9F3-CD13083034AF}"
EndProject
Global
	GlobalSection(SolutionConfigurationPlatforms) = preSolution
		Debug|x64 = Debug|x64
		Debug|x86 = Debug|x86
		Release|x64 = Release|x64
		Release|x86 = Release|x86
	EndGlobalSection
	GlobalSection(ProjectConfigurationPlatforms) = postSolution
		{5C38FD2E-F7A4-4A89-A9F3-CD13083034AF}.Debug|x64.ActiveCfg = Debug|x64
		{5C38FD2E-F7A4-4A89-A9F3-CD13083034AF}.Debug|x64.Build.0 = Debug|x64
		{5C38FD2E-F7A4-4A89-A9F3-CD13083034AF}.Debug|x86.ActiveCfg = Debug|Win32
		{5C38FD2E-F7A4-4A89-A9F3-CD13083034AF}.Debug|x86.Build.0 = Debug|Win32
		{5C38FD2E-F7A4-4A89-A9F3-CD13083034AF}.Release|x64.ActiveCfg = Release|x64
		{5C38FD2E-F7A4-4A89-A9F3-CD13083034AF}.Release|x64.Build.0 = Release|x64
		{5C38FD2E-F7A4-4A89-A9F3-CD13083034AF}.Release|x86.ActiveCfg = Release|Win32
		{5C38FD2E-F7A4-4A89-A9F3-CD13083034AF}.Release|x86.Build.0 = Release|Win32
	EndGlobalSection
	GlobalSection(SolutionProperties) = preSolution
		HideSolutionNode = FALSE
	EndGlobalSection
	GlobalSection(ExtensibilityGlobals) = postSolution
		SolutionGuid = {1F56D8BC-4160-4656-947B-34947F0A4ECC}
	EndGlobalSection
EndGlobal
